
Microsoft Visual Studio Solution File, Format Version 12.00
# Visual Studio Version 17
VisualStudioVersion = 17.0.31903.59
MinimumVisualStudioVersion = 10.0.40219.1
Project("{2150E333-8FDC-42A3-9474-1A3956D46DE8}") = "src", "src", "{4156116F-072C-4557-A705-BDEDD1D7031F}"
EndProject
Project("{FAE04EC0-301F-11D3-BF4B-00C04F79EFBC}") = "ArchSoft.Http.Exceptions", "src\ArchSoft.Http.Exceptions\ArchSoft.Http.Exceptions.csproj", "{74124FC7-5340-4982-943D-1052FFF6DA90}"
EndProject
Project("{2150E333-8FDC-42A3-9474-1A3956D46DE8}") = "test", "test", "{79168571-4813-4BB0-8E19-97D108CF94B8}"
EndProject
Project("{FAE04EC0-301F-11D3-BF4B-00C04F79EFBC}") = "ArchSoft.Http.Exceptions.UnitTest", "test\ArchSoft.Http.Exceptions.UnitTest\ArchSoft.Http.Exceptions.UnitTest.csproj", "{D8CE69D6-540A-48F9-961C-9B792E0E58A3}"
EndProject
Global
	GlobalSection(SolutionConfigurationPlatforms) = preSolution
		Debug|Any CPU = Debug|Any CPU
		Release|Any CPU = Release|Any CPU
	EndGlobalSection
	GlobalSection(SolutionProperties) = preSolution
		HideSolutionNode = FALSE
	EndGlobalSection
	GlobalSection(ProjectConfigurationPlatforms) = postSolution
		{74124FC7-5340-4982-943D-1052FFF6DA90}.Debug|Any CPU.ActiveCfg = Debug|Any CPU
		{74124FC7-5340-4982-943D-1052FFF6DA90}.Debug|Any CPU.Build.0 = Debug|Any CPU
		{74124FC7-5340-4982-943D-1052FFF6DA90}.Release|Any CPU.ActiveCfg = Release|Any CPU
		{74124FC7-5340-4982-943D-1052FFF6DA90}.Release|Any CPU.Build.0 = Release|Any CPU
		{D8CE69D6-540A-48F9-961C-9B792E0E58A3}.Debug|Any CPU.ActiveCfg = Debug|Any CPU
		{D8CE69D6-540A-48F9-961C-9B792E0E58A3}.Debug|Any CPU.Build.0 = Debug|Any CPU
		{D8CE69D6-540A-48F9-961C-9B792E0E58A3}.Release|Any CPU.ActiveCfg = Release|Any CPU
		{D8CE69D6-540A-48F9-961C-9B792E0E58A3}.Release|Any CPU.Build.0 = Release|Any CPU
	EndGlobalSection
	GlobalSection(NestedProjects) = preSolution
		{74124FC7-5340-4982-943D-1052FFF6DA90} = {4156116F-072C-4557-A705-BDEDD1D7031F}
		{D8CE69D6-540A-48F9-961C-9B792E0E58A3} = {79168571-4813-4BB0-8E19-97D108CF94B8}
	EndGlobalSection
EndGlobal
